[[package]]
name = "auto-sklearn"
version = "0.12.1"
description = "Automated machine learning."
category = "main"
optional = false
python-versions = ">=3.6"

[package.dependencies]
ConfigSpace = ">=0.4.14,<0.5"
dask = "*"
distributed = ">=2.2.0"
joblib = "*"
liac-arff = "*"
numpy = ">=1.9.0"
pandas = ">=1.0"
pynisher = ">=0.6.3"
pyrfr = ">=0.7,<0.9"
pyyaml = "*"
scikit-learn = ">=0.24.0,<0.25.0"
scipy = ">=0.14.1"
smac = ">=0.13.1,<0.14"

[package.extras]
docs = ["sphinx", "sphinx-gallery", "sphinx-bootstrap-theme", "numpydoc"]
examples = ["matplotlib", "jupyter", "notebook", "seaborn"]
test = ["pytest (>=4.6)", "mypy", "pytest-xdist", "pytest-timeout", "flaky", "openml", "pre-commit", "pytest-cov"]

[[package]]
name = "click"
version = "7.1.2"
description = "Composable command line interface toolkit"
category = "main"
optional = false
python-versions = ">=2.7, !=3.0.*, !=3.1.*, !=3.2.*, !=3.3.*, !=3.4.*"

[[package]]
name = "cloudpickle"
version = "1.6.0"
description = "Extended pickling support for Python objects"
category = "main"
optional = false
python-versions = ">=3.5"

[[package]]
name = "configspace"
version = "0.4.17"
description = "Creation and manipulation of parameter configuration spaces for automated algorithm configuration and hyperparameter tuning."
category = "main"
optional = false
python-versions = ">=3.6"

[package.dependencies]
cython = "*"
numpy = "*"
pyparsing = "*"

[[package]]
name = "cython"
version = "0.29.21"
description = "The Cython compiler for writing C extensions for the Python language."
category = "main"
optional = false
python-versions = ">=2.6, !=3.0.*, !=3.1.*, !=3.2.*"

[[package]]
name = "dask"
version = "2020.12.0"
description = "Parallel PyData with Task Scheduling"
category = "main"
optional = false
python-versions = ">=3.6"

[package.dependencies]
pyyaml = "*"

[package.extras]
array = ["numpy (>=1.15.1)", "toolz (>=0.8.2)"]
bag = ["cloudpickle (>=0.2.2)", "fsspec (>=0.6.0)", "toolz (>=0.8.2)", "partd (>=0.3.10)"]
complete = ["bokeh (>=1.0.0,<2.0.0 || >2.0.0)", "cloudpickle (>=0.2.2)", "distributed (>=2.0)", "fsspec (>=0.6.0)", "numpy (>=1.15.1)", "pandas (>=0.25.0)", "partd (>=0.3.10)", "toolz (>=0.8.2)"]
dataframe = ["numpy (>=1.15.1)", "pandas (>=0.25.0)", "toolz (>=0.8.2)", "partd (>=0.3.10)", "fsspec (>=0.6.0)"]
delayed = ["cloudpickle (>=0.2.2)", "toolz (>=0.8.2)"]
diagnostics = ["bokeh (>=1.0.0,<2.0.0 || >2.0.0)"]
distributed = ["distributed (>=2.0)"]

[[package]]
name = "distributed"
version = "2020.12.0"
description = "Distributed scheduler for Dask"
category = "main"
optional = false
python-versions = ">=3.6"

[package.dependencies]
click = ">=6.6"
cloudpickle = ">=1.5.0"
dask = ">=2020.12.0"
msgpack = ">=0.6.0"
psutil = ">=5.0"
pyyaml = "*"
sortedcontainers = "<2.0.0 || >2.0.0,<2.0.1 || >2.0.1"
tblib = ">=1.6.0"
toolz = ">=0.8.2"
tornado = {version = ">=6.0.3", markers = "python_version >= \"3.8\""}
zict = ">=0.1.3"

[[package]]
name = "docutils"
version = "0.16"
description = "Docutils -- Python Documentation Utilities"
category = "main"
optional = false
python-versions = ">=2.7, !=3.0.*, !=3.1.*, !=3.2.*, !=3.3.*, !=3.4.*"

[[package]]
name = "heapdict"
version = "1.0.1"
description = "a heap with decrease-key and increase-key operations"
category = "main"
optional = false
python-versions = "*"

[[package]]
name = "joblib"
version = "1.0.0"
description = "Lightweight pipelining with Python functions"
category = "main"
optional = false
python-versions = ">=3.6"

[[package]]
name = "lazy-import"
version = "0.2.2"
description = "A module for lazy loading of Python modules"
category = "main"
optional = false
python-versions = "*"

[package.dependencies]
six = "*"

[package.extras]
test = ["pytest", "pytest-xdist"]

[[package]]
name = "liac-arff"
version = "2.5.0"
description = "A module for read and write ARFF files in Python."
category = "main"
optional = false
python-versions = ">=2.7, !=3.0.*, !=3.1.*, !=3.2.*, !=3.3.*, !=3.4.*"

[[package]]
name = "msgpack"
version = "1.0.2"
description = "MessagePack (de)serializer."
category = "main"
optional = false
python-versions = "*"

[[package]]
name = "numpy"
version = "1.19.5"
description = "NumPy is the fundamental package for array computing with Python."
category = "main"
optional = false
python-versions = ">=3.6"

[[package]]
name = "pandas"
version = "1.2.0"
description = "Powerful data structures for data analysis, time series, and statistics"
category = "main"
optional = false
python-versions = ">=3.7.1"

[package.dependencies]
numpy = ">=1.16.5"
python-dateutil = ">=2.7.3"
pytz = ">=2017.3"

[package.extras]
test = ["pytest (>=5.0.1)", "pytest-xdist", "hypothesis (>=3.58)"]

[[package]]
name = "psutil"
version = "5.8.0"
description = "Cross-platform lib for process and system monitoring in Python."
category = "main"
optional = false
python-versions = ">=2.6, !=3.0.*, !=3.1.*, !=3.2.*, !=3.3.*"

[package.extras]
test = ["ipaddress", "mock", "unittest2", "enum34", "pywin32", "wmi"]

[[package]]
name = "pynisher"
version = "0.6.3"
description = "A small Python library to limit the resources used by a function by executing it inside a subprocess."
category = "main"
optional = false
python-versions = "*"

[package.dependencies]
docutils = ">=0.3"
psutil = "*"

[[package]]
name = "pyparsing"
version = "2.4.7"
description = "Python parsing module"
category = "main"
optional = false
python-versions = ">=2.6, !=3.0.*, !=3.1.*, !=3.2.*"

[[package]]
name = "pyrfr"
version = "0.8.0"
description = ""
category = "main"
optional = false
python-versions = ">=3"

[[package]]
name = "python-dateutil"
version = "2.8.1"
description = "Extensions to the standard Python datetime module"
category = "main"
optional = false
python-versions = "!=3.0.*,!=3.1.*,!=3.2.*,>=2.7"

[package.dependencies]
six = ">=1.5"

[[package]]
name = "pytz"
version = "2020.5"
description = "World timezone definitions, modern and historical"
category = "main"
optional = false
python-versions = "*"

[[package]]
name = "pyyaml"
version = "5.3.1"
description = "YAML parser and emitter for Python"
category = "main"
optional = false
python-versions = ">=2.7, !=3.0.*, !=3.1.*, !=3.2.*, !=3.3.*, !=3.4.*"

[[package]]
name = "scikit-learn"
version = "0.24.0"
description = "A set of python modules for machine learning and data mining"
category = "main"
optional = false
python-versions = ">=3.6"

[package.dependencies]
joblib = ">=0.11"
numpy = ">=1.13.3"
scipy = ">=0.19.1"
threadpoolctl = ">=2.0.0"

[package.extras]
benchmark = ["matplotlib (>=2.1.1)", "pandas (>=0.25.0)", "memory-profiler (>=0.57.0)"]
docs = ["matplotlib (>=2.1.1)", "scikit-image (>=0.13)", "pandas (>=0.25.0)", "seaborn (>=0.9.0)", "memory-profiler (>=0.57.0)", "sphinx (>=3.2.0)", "sphinx-gallery (>=0.7.0)", "numpydoc (>=1.0.0)", "Pillow (>=7.1.2)", "sphinx-prompt (>=1.3.0)"]
examples = ["matplotlib (>=2.1.1)", "scikit-image (>=0.13)", "pandas (>=0.25.0)", "seaborn (>=0.9.0)"]
tests = ["matplotlib (>=2.1.1)", "scikit-image (>=0.13)", "pandas (>=0.25.0)", "pytest (>=5.0.1)", "pytest-cov (>=2.9.0)", "flake8 (>=3.8.2)", "mypy (>=0.770)", "pyamg (>=4.0.0)"]

[[package]]
name = "scipy"
version = "1.6.0"
description = "SciPy: Scientific Library for Python"
category = "main"
optional = false
python-versions = ">=3.7"

[package.dependencies]
numpy = ">=1.16.5"

[[package]]
name = "six"
version = "1.15.0"
description = "Python 2 and 3 compatibility utilities"
category = "main"
optional = false
python-versions = ">=2.7, !=3.0.*, !=3.1.*, !=3.2.*"

[[package]]
name = "smac"
version = "0.13.1"
description = "SMAC3, a Python implementation of 'Sequential Model-based Algorithm Configuration'."
category = "main"
optional = false
python-versions = ">=3.6"

[package.dependencies]
ConfigSpace = ">=0.4.14,<0.5"
dask = "*"
distributed = "*"
joblib = "*"
lazy_import = "*"
numpy = ">=1.7.1"
psutil = "*"
pynisher = ">=0.4.1"
pyrfr = ">=0.8.0"
scikit-learn = ">=0.22.0"
scipy = ">=0.18.1"

[package.extras]
all = ["pydoe", "sphinx", "sphinx-gallery (0.5.0)", "emcee (>=2.1.0)", "sphinx-rtd-theme", "scikit-optimize"]
documentation = ["sphinx", "sphinx-rtd-theme", "sphinx-gallery (0.5.0)"]
gp = ["emcee (>=2.1.0)", "scikit-optimize"]
lhd = ["pydoe"]

[[package]]
name = "sortedcontainers"
version = "2.3.0"
description = "Sorted Containers -- Sorted List, Sorted Dict, Sorted Set"
category = "main"
optional = false
python-versions = "*"

[[package]]
name = "tblib"
version = "1.7.0"
description = "Traceback serialization library."
category = "main"
optional = false
python-versions = ">=2.7, !=3.0.*, !=3.1.*, !=3.2.*, !=3.3.*, !=3.4.*"

[[package]]
name = "threadpoolctl"
version = "2.1.0"
description = "threadpoolctl"
category = "main"
optional = false
python-versions = ">=3.5"

[[package]]
name = "toolz"
version = "0.11.1"
description = "List processing tools and functional utilities"
category = "main"
optional = false
python-versions = ">=3.5"

[[package]]
name = "tornado"
version = "6.1"
description = "Tornado is a Python web framework and asynchronous networking library, originally developed at FriendFeed."
category = "main"
optional = false
python-versions = ">= 3.5"

[[package]]
name = "zict"
version = "2.0.0"
description = "Mutable mapping tools"
category = "main"
optional = false
python-versions = "*"

[package.dependencies]
heapdict = "*"

[metadata]
lock-version = "1.1"
python-versions = "^3.9"
content-hash = "0097e3c946ca2fa483d1ce998ccf92debbe34836777121f7de0e611d8c4e326e"

[metadata.files]
auto-sklearn = [
    {file = "auto-sklearn-0.12.1.tar.gz", hash = "sha256:2a7e5ec240058b72cf5618d37df58a08faefab29544558223e10764a431a648d"},
]
click = [
    {file = "click-7.1.2-py2.py3-none-any.whl", hash = "sha256:dacca89f4bfadd5de3d7489b7c8a566eee0d3676333fbb50030263894c38c0dc"},
    {file = "click-7.1.2.tar.gz", hash = "sha256:d2b5255c7c6349bc1bd1e59e08cd12acbbd63ce649f2588755783aa94dfb6b1a"},
]
cloudpickle = [
    {file = "cloudpickle-1.6.0-py3-none-any.whl", hash = "sha256:3a32d0eb0bc6f4d0c57fbc4f3e3780f7a81e6fee0fa935072884d58ae8e1cc7c"},
    {file = "cloudpickle-1.6.0.tar.gz", hash = "sha256:9bc994f9e9447593bd0a45371f0e7ac7333710fcf64a4eb9834bf149f4ef2f32"},
]
configspace = [
    {file = "ConfigSpace-0.4.17.tar.gz", hash = "sha256:97c9cd298438157a8168f83761eeca27a9f471a464ad1b2f806a47a797a975d8"},
]
cython = [
    {file = "Cython-0.29.21-cp27-cp27m-macosx_10_9_x86_64.whl", hash = "sha256:c541b2b49c6638f2b5beb9316726db84a8d1c132bf31b942dae1f9c7f6ad3b92"},
    {file = "Cython-0.29.21-cp27-cp27m-manylinux1_i686.whl", hash = "sha256:b8d8497091c1dc8705d1575c71e908a93b1f127a174b2d472020f3d84263ac28"},
    {file = "Cython-0.29.21-cp27-cp27m-manylinux1_x86_64.whl", hash = "sha256:695a6bcaf9e12b1e471dfce96bbecf22a1487adc2ac6106b15960a2b51b97f5d"},
    {file = "Cython-0.29.21-cp27-cp27m-win32.whl", hash = "sha256:171b9f70ceafcec5852089d0f9c1e75b0d554f46c882cd4e2e4acaba9bd7d148"},
    {file = "Cython-0.29.21-cp27-cp27m-win_amd64.whl", hash = "sha256:539e59949aab4955c143a468810123bf22d3e8556421e1ce2531ed4893914ca0"},
    {file = "Cython-0.29.21-cp27-cp27mu-manylinux1_i686.whl", hash = "sha256:e93acd1f603a0c1786e0841f066ae7cef014cf4750e3cd06fd03cfdf46361419"},
    {file = "Cython-0.29.21-cp27-cp27mu-manylinux1_x86_64.whl", hash = "sha256:2922e3031ba9ebbe7cb9200b585cc33b71d66023d78450dcb883f824f4969371"},
    {file = "Cython-0.29.21-cp34-cp34m-manylinux1_i686.whl", hash = "sha256:497841897942f734b0abc2dead2d4009795ee992267a70a23485fd0e937edc0b"},
    {file = "Cython-0.29.21-cp34-cp34m-manylinux1_x86_64.whl", hash = "sha256:0ac10bf476476a9f7ef61ec6e44c280ef434473124ad31d3132b720f7b0e8d2a"},
    {file = "Cython-0.29.21-cp34-cp34m-win32.whl", hash = "sha256:31c71a615f38401b0dc1f2a5a9a6c421ffd8908c4cd5bbedc4014c1b876488e8"},
    {file = "Cython-0.29.21-cp34-cp34m-win_amd64.whl", hash = "sha256:c4b78356074fcaac04ecb4de289f11d506e438859877670992ece11f9c90f37b"},
    {file = "Cython-0.29.21-cp35-cp35m-macosx_10_6_intel.whl", hash = "sha256:b2f9172e4d6358f33ecce6a4339b5960f9f83eab67ea244baa812737793826b7"},
    {file = "Cython-0.29.21-cp35-cp35m-manylinux1_i686.whl", hash = "sha256:856c7fb31d247ce713d60116375e1f8153d0291ab5e92cca7d8833a524ba9991"},
    {file = "Cython-0.29.21-cp35-cp35m-manylinux1_x86_64.whl", hash = "sha256:715294cd2246b39a8edca464a8366eb635f17213e4a6b9e74e52d8b877a8cb63"},
    {file = "Cython-0.29.21-cp35-cp35m-win32.whl", hash = "sha256:23f3a00b843a19de8bb4468b087db5b413a903213f67188729782488d67040e0"},
    {file = "Cython-0.29.21-cp35-cp35m-win_amd64.whl", hash = "sha256:ccb77faeaad99e99c6c444d04862c6cf604204fe0a07d4c8f9cbf2c9012d7d5a"},
    {file = "Cython-0.29.21-cp36-cp36m-macosx_10_9_x86_64.whl", hash = "sha256:e272ed97d20b026f4f25a012b25d7d7672a60e4f72b9ca385239d693cd91b2d5"},
    {file = "Cython-0.29.21-cp36-cp36m-manylinux1_i686.whl", hash = "sha256:8c6e25e9cc4961bb2abb1777c6fa9d0fa2d9b014beb3276cebe69996ff162b78"},
    {file = "Cython-0.29.21-cp36-cp36m-manylinux1_x86_64.whl", hash = "sha256:57ead89128dee9609119c93d3926c7a2add451453063147900408a50144598c6"},
    {file = "Cython-0.29.21-cp36-cp36m-win32.whl", hash = "sha256:0e25c209c75df8785480dcef85db3d36c165dbc0f4c503168e8763eb735704f2"},
    {file = "Cython-0.29.21-cp36-cp36m-win_amd64.whl", hash = "sha256:a0674f246ad5e1571ef29d4c5ec1d6ecabe9e6c424ad0d6fee46b914d5d24d69"},
    {file = "Cython-0.29.21-cp37-cp37m-macosx_10_9_x86_64.whl", hash = "sha256:5da187bebe38030325e1c0b5b8a804d489410be2d384c0ef3ba39493c67eb51e"},
    {file = "Cython-0.29.21-cp37-cp37m-manylinux1_i686.whl", hash = "sha256:9ce5e5209f8406ffc2b058b1293cce7a954911bb7991e623564d489197c9ba30"},
    {file = "Cython-0.29.21-cp37-cp37m-manylinux1_x86_64.whl", hash = "sha256:5e545a48f919e40079b0efe7b0e081c74b96f9ef25b9c1ff4cdbd95764426b58"},
    {file = "Cython-0.29.21-cp37-cp37m-win32.whl", hash = "sha256:c8435959321cf8aec867bbad54b83b7fb8343204b530d85d9ea7a1f5329d5ac2"},
    {file = "Cython-0.29.21-cp37-cp37m-win_amd64.whl", hash = "sha256:540b3bee0711aac2e99bda4fa0a46dbcd8c74941666bfc1ef9236b1a64eeffd9"},
    {file = "Cython-0.29.21-cp38-cp38-macosx_10_9_x86_64.whl", hash = "sha256:93f5fed1c9445fb7afe20450cdaf94b0e0356d47cc75008105be89c6a2e417b1"},
    {file = "Cython-0.29.21-cp38-cp38-manylinux1_i686.whl", hash = "sha256:9207fdedc7e789a3dcaca628176b80c82fbed9ae0997210738cbb12536a56699"},
    {file = "Cython-0.29.21-cp38-cp38-manylinux1_x86_64.whl", hash = "sha256:603b9f1b8e93e8b494d3e89320c410679e21018e48b6cbc77280f5db71f17dc0"},
    {file = "Cython-0.29.21-cp38-cp38-win32.whl", hash = "sha256:473df5d5e400444a36ed81c6596f56a5b52a3481312d0a48d68b777790f730ae"},
    {file = "Cython-0.29.21-cp38-cp38-win_amd64.whl", hash = "sha256:b8a8a31b9e8860634adbca30fea1d0c7f08e208b3d7611f3e580e5f20992e5d7"},
    {file = "Cython-0.29.21-cp39-cp39-manylinux1_i686.whl", hash = "sha256:7ebaa8800c376bcdae596fb1372cb4232a5ef957619d35839520d2786f2debb9"},
    {file = "Cython-0.29.21-cp39-cp39-manylinux1_x86_64.whl", hash = "sha256:c111ac9abdf715762e4fb87395e59d61c0fbb6ce79eb2e24167700b6cfa8ba79"},
    {file = "Cython-0.29.21-py2.py3-none-any.whl", hash = "sha256:5c4276fdcbccdf1e3c1756c7aeb8395e9a36874fa4d30860e7694f43d325ae13"},
    {file = "Cython-0.29.21.tar.gz", hash = "sha256:e57acb89bd55943c8d8bf813763d20b9099cc7165c0f16b707631a7654be9cad"},
]
dask = [
    {file = "dask-2020.12.0-py3-none-any.whl", hash = "sha256:5741db6e2426c001cecd374cba3bba8fea16a2da081089376ebcad9f8cf32aca"},
    {file = "dask-2020.12.0.tar.gz", hash = "sha256:43e745afd4b464e6c0113131e430a16dce6ac42460b06e24d799093d098f7ab0"},
]
distributed = [
    {file = "distributed-2020.12.0-py3-none-any.whl", hash = "sha256:532294b005009ce7c480073e467f9043c5292a735ed535f3fd00517a83a51bfc"},
    {file = "distributed-2020.12.0.tar.gz", hash = "sha256:2a0b6acc921cd4e0143a7c4383cdcbed7defbc4bd9dc3aab0c7f1c45f14f80e1"},
]
docutils = [
    {file = "docutils-0.16-py2.py3-none-any.whl", hash = "sha256:0c5b78adfbf7762415433f5515cd5c9e762339e23369dbe8000d84a4bf4ab3af"},
    {file = "docutils-0.16.tar.gz", hash = "sha256:c2de3a60e9e7d07be26b7f2b00ca0309c207e06c100f9cc2a94931fc75a478fc"},
]
heapdict = [
    {file = "HeapDict-1.0.1-py3-none-any.whl", hash = "sha256:6065f90933ab1bb7e50db403b90cab653c853690c5992e69294c2de2b253fc92"},
    {file = "HeapDict-1.0.1.tar.gz", hash = "sha256:8495f57b3e03d8e46d5f1b2cc62ca881aca392fd5cc048dc0aa2e1a6d23ecdb6"},
]
joblib = [
    {file = "joblib-1.0.0-py3-none-any.whl", hash = "sha256:75ead23f13484a2a414874779d69ade40d4fa1abe62b222a23cd50d4bc822f6f"},
    {file = "joblib-1.0.0.tar.gz", hash = "sha256:7ad866067ac1fdec27d51c8678ea760601b70e32ff1881d4dc8e1171f2b64b24"},
]
lazy-import = [
    {file = "lazy_import-0.2.2.tar.gz", hash = "sha256:2149aef8579459407c62cfeccf118527939c9931ace124f355236360644f8a3d"},
]
liac-arff = [
    {file = "liac-arff-2.5.0.tar.gz", hash = "sha256:3220d0af6487c5aa71b47579be7ad1d94f3849ff1e224af3bf05ad49a0b5c4da"},
]
msgpack = [
    {file = "msgpack-1.0.2-cp35-cp35m-manylinux1_i686.whl", hash = "sha256:b6d9e2dae081aa35c44af9c4298de4ee72991305503442a5c74656d82b581fe9"},
    {file = "msgpack-1.0.2-cp35-cp35m-manylinux1_x86_64.whl", hash = "sha256:a99b144475230982aee16b3d249170f1cccebf27fb0a08e9f603b69637a62192"},
    {file = "msgpack-1.0.2-cp35-cp35m-manylinux2014_aarch64.whl", hash = "sha256:1026dcc10537d27dd2d26c327e552f05ce148977e9d7b9f1718748281b38c841"},
    {file = "msgpack-1.0.2-cp36-cp36m-macosx_10_14_x86_64.whl", hash = "sha256:fe07bc6735d08e492a327f496b7850e98cb4d112c56df69b0c844dbebcbb47f6"},
    {file = "msgpack-1.0.2-cp36-cp36m-manylinux1_i686.whl", hash = "sha256:9ea52fff0473f9f3000987f313310208c879493491ef3ccf66268eff8d5a0326"},
    {file = "msgpack-1.0.2-cp36-cp36m-manylinux1_x86_64.whl", hash = "sha256:26a1759f1a88df5f1d0b393eb582ec022326994e311ba9c5818adc5374736439"},
    {file = "msgpack-1.0.2-cp36-cp36m-manylinux2014_aarch64.whl", hash = "sha256:497d2c12426adcd27ab83144057a705efb6acc7e85957a51d43cdcf7f258900f"},
    {file = "msgpack-1.0.2-cp36-cp36m-win32.whl", hash = "sha256:e89ec55871ed5473a041c0495b7b4e6099f6263438e0bd04ccd8418f92d5d7f2"},
    {file = "msgpack-1.0.2-cp36-cp36m-win_amd64.whl", hash = "sha256:a4355d2193106c7aa77c98fc955252a737d8550320ecdb2e9ac701e15e2943bc"},
    {file = "msgpack-1.0.2-cp37-cp37m-macosx_10_14_x86_64.whl", hash = "sha256:d6c64601af8f3893d17ec233237030e3110f11b8a962cb66720bf70c0141aa54"},
    {file = "msgpack-1.0.2-cp37-cp37m-manylinux1_i686.whl", hash = "sha256:f484cd2dca68502de3704f056fa9b318c94b1539ed17a4c784266df5d6978c87"},
    {file = "msgpack-1.0.2-cp37-cp37m-manylinux1_x86_64.whl", hash = "sha256:f3e6aaf217ac1c7ce1563cf52a2f4f5d5b1f64e8729d794165db71da57257f0c"},
    {file = "msgpack-1.0.2-cp37-cp37m-manylinux2014_aarch64.whl", hash = "sha256:8521e5be9e3b93d4d5e07cb80b7e32353264d143c1f072309e1863174c6aadb1"},
    {file = "msgpack-1.0.2-cp37-cp37m-win32.whl", hash = "sha256:31c17bbf2ae5e29e48d794c693b7ca7a0c73bd4280976d408c53df421e838d2a"},
    {file = "msgpack-1.0.2-cp37-cp37m-win_amd64.whl", hash = "sha256:8ffb24a3b7518e843cd83538cf859e026d24ec41ac5721c18ed0c55101f9775b"},
    {file = "msgpack-1.0.2-cp38-cp38-macosx_10_14_x86_64.whl", hash = "sha256:b28c0876cce1466d7c2195d7658cf50e4730667196e2f1355c4209444717ee06"},
    {file = "msgpack-1.0.2-cp38-cp38-manylinux1_i686.whl", hash = "sha256:87869ba567fe371c4555d2e11e4948778ab6b59d6cc9d8460d543e4cfbbddd1c"},
    {file = "msgpack-1.0.2-cp38-cp38-manylinux1_x86_64.whl", hash = "sha256:b55f7db883530b74c857e50e149126b91bb75d35c08b28db12dcb0346f15e46e"},
    {file = "msgpack-1.0.2-cp38-cp38-manylinux2014_aarch64.whl", hash = "sha256:ac25f3e0513f6673e8b405c3a80500eb7be1cf8f57584be524c4fa78fe8e0c83"},
    {file = "msgpack-1.0.2-cp38-cp38-win32.whl", hash = "sha256:0cb94ee48675a45d3b86e61d13c1e6f1696f0183f0715544976356ff86f741d9"},
    {file = "msgpack-1.0.2-cp38-cp38-win_amd64.whl", hash = "sha256:e36a812ef4705a291cdb4a2fd352f013134f26c6ff63477f20235138d1d21009"},
    {file = "msgpack-1.0.2-cp39-cp39-macosx_10_14_x86_64.whl", hash = "sha256:2a5866bdc88d77f6e1370f82f2371c9bc6fc92fe898fa2dec0c5d4f5435a2694"},
    {file = "msgpack-1.0.2-cp39-cp39-manylinux1_i686.whl", hash = "sha256:92be4b12de4806d3c36810b0fe2aeedd8d493db39e2eb90742b9c09299eb5759"},
    {file = "msgpack-1.0.2-cp39-cp39-manylinux1_x86_64.whl", hash = "sha256:de6bd7990a2c2dabe926b7e62a92886ccbf809425c347ae7de277067f97c2887"},
    {file = "msgpack-1.0.2-cp39-cp39-manylinux2014_aarch64.whl", hash = "sha256:5a9ee2540c78659a1dd0b110f73773533ee3108d4e1219b5a15a8d635b7aca0e"},
    {file = "msgpack-1.0.2-cp39-cp39-win32.whl", hash = "sha256:c747c0cc08bd6d72a586310bda6ea72eeb28e7505990f342552315b229a19b33"},
    {file = "msgpack-1.0.2-cp39-cp39-win_amd64.whl", hash = "sha256:d8167b84af26654c1124857d71650404336f4eb5cc06900667a493fc619ddd9f"},
    {file = "msgpack-1.0.2.tar.gz", hash = "sha256:fae04496f5bc150eefad4e9571d1a76c55d021325dcd484ce45065ebbdd00984"},
]
numpy = [
    {file = "numpy-1.19.5-cp36-cp36m-macosx_10_9_x86_64.whl", hash = "sha256:cc6bd4fd593cb261332568485e20a0712883cf631f6f5e8e86a52caa8b2b50ff"},
    {file = "numpy-1.19.5-cp36-cp36m-manylinux1_i686.whl", hash = "sha256:aeb9ed923be74e659984e321f609b9ba54a48354bfd168d21a2b072ed1e833ea"},
    {file = "numpy-1.19.5-cp36-cp36m-manylinux1_x86_64.whl", hash = "sha256:8b5e972b43c8fc27d56550b4120fe6257fdc15f9301914380b27f74856299fea"},
    {file = "numpy-1.19.5-cp36-cp36m-manylinux2010_i686.whl", hash = "sha256:43d4c81d5ffdff6bae58d66a3cd7f54a7acd9a0e7b18d97abb255defc09e3140"},
    {file = "numpy-1.19.5-cp36-cp36m-manylinux2010_x86_64.whl", hash = "sha256:a4646724fba402aa7504cd48b4b50e783296b5e10a524c7a6da62e4a8ac9698d"},
    {file = "numpy-1.19.5-cp36-cp36m-manylinux2014_aarch64.whl", hash = "sha256:2e55195bc1c6b705bfd8ad6f288b38b11b1af32f3c8289d6c50d47f950c12e76"},
    {file = "numpy-1.19.5-cp36-cp36m-win32.whl", hash = "sha256:39b70c19ec771805081578cc936bbe95336798b7edf4732ed102e7a43ec5c07a"},
    {file = "numpy-1.19.5-cp36-cp36m-win_amd64.whl", hash = "sha256:dbd18bcf4889b720ba13a27ec2f2aac1981bd41203b3a3b27ba7a33f88ae4827"},
    {file = "numpy-1.19.5-cp37-cp37m-macosx_10_9_x86_64.whl", hash = "sha256:603aa0706be710eea8884af807b1b3bc9fb2e49b9f4da439e76000f3b3c6ff0f"},
    {file = "numpy-1.19.5-cp37-cp37m-manylinux1_i686.whl", hash = "sha256:cae865b1cae1ec2663d8ea56ef6ff185bad091a5e33ebbadd98de2cfa3fa668f"},
    {file = "numpy-1.19.5-cp37-cp37m-manylinux1_x86_64.whl", hash = "sha256:36674959eed6957e61f11c912f71e78857a8d0604171dfd9ce9ad5cbf41c511c"},
    {file = "numpy-1.19.5-cp37-cp37m-manylinux2010_i686.whl", hash = "sha256:06fab248a088e439402141ea04f0fffb203723148f6ee791e9c75b3e9e82f080"},
    {file = "numpy-1.19.5-cp37-cp37m-manylinux2010_x86_64.whl", hash = "sha256:6149a185cece5ee78d1d196938b2a8f9d09f5a5ebfbba66969302a778d5ddd1d"},
    {file = "numpy-1.19.5-cp37-cp37m-manylinux2014_aarch64.whl", hash = "sha256:50a4a0ad0111cc1b71fa32dedd05fa239f7fb5a43a40663269bb5dc7877cfd28"},
    {file = "numpy-1.19.5-cp37-cp37m-win32.whl", hash = "sha256:d051ec1c64b85ecc69531e1137bb9751c6830772ee5c1c426dbcfe98ef5788d7"},
    {file = "numpy-1.19.5-cp37-cp37m-win_amd64.whl", hash = "sha256:a12ff4c8ddfee61f90a1633a4c4afd3f7bcb32b11c52026c92a12e1325922d0d"},
    {file = "numpy-1.19.5-cp38-cp38-macosx_10_9_x86_64.whl", hash = "sha256:cf2402002d3d9f91c8b01e66fbb436a4ed01c6498fffed0e4c7566da1d40ee1e"},
    {file = "numpy-1.19.5-cp38-cp38-manylinux1_i686.whl", hash = "sha256:1ded4fce9cfaaf24e7a0ab51b7a87be9038ea1ace7f34b841fe3b6894c721d1c"},
    {file = "numpy-1.19.5-cp38-cp38-manylinux1_x86_64.whl", hash = "sha256:012426a41bc9ab63bb158635aecccc7610e3eff5d31d1eb43bc099debc979d94"},
    {file = "numpy-1.19.5-cp38-cp38-manylinux2010_i686.whl", hash = "sha256:759e4095edc3c1b3ac031f34d9459fa781777a93ccc633a472a5468587a190ff"},
    {file = "numpy-1.19.5-cp38-cp38-manylinux2010_x86_64.whl", hash = "sha256:a9d17f2be3b427fbb2bce61e596cf555d6f8a56c222bd2ca148baeeb5e5c783c"},
    {file = "numpy-1.19.5-cp38-cp38-manylinux2014_aarch64.whl", hash = "sha256:99abf4f353c3d1a0c7a5f27699482c987cf663b1eac20db59b8c7b061eabd7fc"},
    {file = "numpy-1.19.5-cp38-cp38-win32.whl", hash = "sha256:384ec0463d1c2671170901994aeb6dce126de0a95ccc3976c43b0038a37329c2"},
    {file = "numpy-1.19.5-cp38-cp38-win_amd64.whl", hash = "sha256:811daee36a58dc79cf3d8bdd4a490e4277d0e4b7d103a001a4e73ddb48e7e6aa"},
    {file = "numpy-1.19.5-cp39-cp39-macosx_10_9_x86_64.whl", hash = "sha256:c843b3f50d1ab7361ca4f0b3639bf691569493a56808a0b0c54a051d260b7dbd"},
    {file = "numpy-1.19.5-cp39-cp39-manylinux1_i686.whl", hash = "sha256:d6631f2e867676b13026e2846180e2c13c1e11289d67da08d71cacb2cd93d4aa"},
    {file = "numpy-1.19.5-cp39-cp39-manylinux1_x86_64.whl", hash = "sha256:7fb43004bce0ca31d8f13a6eb5e943fa73371381e53f7074ed21a4cb786c32f8"},
    {file = "numpy-1.19.5-cp39-cp39-manylinux2010_i686.whl", hash = "sha256:2ea52bd92ab9f768cc64a4c3ef8f4b2580a17af0a5436f6126b08efbd1838371"},
    {file = "numpy-1.19.5-cp39-cp39-manylinux2010_x86_64.whl", hash = "sha256:400580cbd3cff6ffa6293df2278c75aef2d58d8d93d3c5614cd67981dae68ceb"},
    {file = "numpy-1.19.5-cp39-cp39-manylinux2014_aarch64.whl", hash = "sha256:df609c82f18c5b9f6cb97271f03315ff0dbe481a2a02e56aeb1b1a985ce38e60"},
    {file = "numpy-1.19.5-cp39-cp39-win32.whl", hash = "sha256:ab83f24d5c52d60dbc8cd0528759532736b56db58adaa7b5f1f76ad551416a1e"},
    {file = "numpy-1.19.5-cp39-cp39-win_amd64.whl", hash = "sha256:0eef32ca3132a48e43f6a0f5a82cb508f22ce5a3d6f67a8329c81c8e226d3f6e"},
    {file = "numpy-1.19.5-pp36-pypy36_pp73-manylinux2010_x86_64.whl", hash = "sha256:a0d53e51a6cb6f0d9082decb7a4cb6dfb33055308c4c44f53103c073f649af73"},
    {file = "numpy-1.19.5.zip", hash = "sha256:a76f502430dd98d7546e1ea2250a7360c065a5fdea52b2dffe8ae7180909b6f4"},
]
pandas = [
    {file = "pandas-1.2.0-cp37-cp37m-macosx_10_9_x86_64.whl", hash = "sha256:cba93d4fd3b0a42858b2b599495aff793fb5d94587979f45a14177d1217ba446"},
    {file = "pandas-1.2.0-cp37-cp37m-manylinux1_i686.whl", hash = "sha256:9e18631d996fe131de6cb31a8bdae18965cc8f39eb23fdfbbf42808ecc63dabf"},
    {file = "pandas-1.2.0-cp37-cp37m-manylinux1_x86_64.whl", hash = "sha256:7b54c14130a3448d81eed1348f52429c23e27188d9db6e6d4afeae792bc49c11"},
    {file = "pandas-1.2.0-cp37-cp37m-win32.whl", hash = "sha256:6c1a57e4d0d6f9633a07817c44e6b36d81c265fe4c52d0c0505513a2d0f7953c"},
    {file = "pandas-1.2.0-cp37-cp37m-win_amd64.whl", hash = "sha256:43482789c55cbabeed9482263cfc98a11e8fcae900cb63ef038948acb4a72570"},
    {file = "pandas-1.2.0-cp38-cp38-macosx_10_9_x86_64.whl", hash = "sha256:0be6102dd99910513e75ed6536284743ead810349c51bdeadd2a5b6649f30abb"},
    {file = "pandas-1.2.0-cp38-cp38-manylinux1_i686.whl", hash = "sha256:9c6692cea6d56da8650847172bdb148622f545e7782d17995822434c79d7a211"},
    {file = "pandas-1.2.0-cp38-cp38-manylinux1_x86_64.whl", hash = "sha256:272675a98fa4954b9fc0933df775596fc942e50015d7e75d8f19548808a2bfdf"},
    {file = "pandas-1.2.0-cp38-cp38-manylinux2014_aarch64.whl", hash = "sha256:33318fa24b192b1a4684347ff76679a7267fd4e547da9f71556a5914f0dc10e7"},
    {file = "pandas-1.2.0-cp38-cp38-win32.whl", hash = "sha256:3bc6d2be03cb75981d8cbeda09503cd9d6d699fc0dc28a65e197165ad527b7b8"},
    {file = "pandas-1.2.0-cp38-cp38-win_amd64.whl", hash = "sha256:7904ee438549b5223ce8dc008772458dd7c5cf0ccc64cf903e81202400702235"},
    {file = "pandas-1.2.0-cp39-cp39-macosx_10_9_x86_64.whl", hash = "sha256:f8b87d2f541cd9bc4ecfe85a561abac85c33fe4de4ce70cca36b2768af2611f5"},
    {file = "pandas-1.2.0-cp39-cp39-manylinux1_i686.whl", hash = "sha256:91fd0b94e7b98528177a05e6f65efea79d7ef9dec15ee48c7c69fc39fdd87235"},
    {file = "pandas-1.2.0-cp39-cp39-manylinux1_x86_64.whl", hash = "sha256:8f92b07cdbfa3704d85b4264e52c216cafe6c0059b0d07cdad8cb29e0b90f2b8"},
    {file = "pandas-1.2.0-cp39-cp39-win32.whl", hash = "sha256:2d8b4f532db37418121831a461fd107d826c240b098f52e7a1b4ab3d5aaa4fb2"},
    {file = "pandas-1.2.0-cp39-cp39-win_amd64.whl", hash = "sha256:616478c1bd8fe1e600f521ae2da434e021c11e7a4e5da3451d02906143d3629a"},
    {file = "pandas-1.2.0.tar.gz", hash = "sha256:e03386615b970b8b41da6a68afe717626741bb2431cec993640685614c0680e4"},
]
psutil = [
    {file = "psutil-5.8.0-cp27-cp27m-macosx_10_9_x86_64.whl", hash = "sha256:0066a82f7b1b37d334e68697faba68e5ad5e858279fd6351c8ca6024e8d6ba64"},
    {file = "psutil-5.8.0-cp27-cp27m-manylinux2010_i686.whl", hash = "sha256:0ae6f386d8d297177fd288be6e8d1afc05966878704dad9847719650e44fc49c"},
    {file = "psutil-5.8.0-cp27-cp27m-manylinux2010_x86_64.whl", hash = "sha256:12d844996d6c2b1d3881cfa6fa201fd635971869a9da945cf6756105af73d2df"},
    {file = "psutil-5.8.0-cp27-cp27mu-manylinux2010_i686.whl", hash = "sha256:02b8292609b1f7fcb34173b25e48d0da8667bc85f81d7476584d889c6e0f2131"},
    {file = "psutil-5.8.0-cp27-cp27mu-manylinux2010_x86_64.whl", hash = "sha256:6ffe81843131ee0ffa02c317186ed1e759a145267d54fdef1bc4ea5f5931ab60"},
    {file = "psutil-5.8.0-cp27-none-win32.whl", hash = "sha256:ea313bb02e5e25224e518e4352af4bf5e062755160f77e4b1767dd5ccb65f876"},
    {file = "psutil-5.8.0-cp27-none-win_amd64.whl", hash = "sha256:5da29e394bdedd9144c7331192e20c1f79283fb03b06e6abd3a8ae45ffecee65"},
    {file = "psutil-5.8.0-cp36-cp36m-macosx_10_9_x86_64.whl", hash = "sha256:74fb2557d1430fff18ff0d72613c5ca30c45cdbfcddd6a5773e9fc1fe9364be8"},
    {file = "psutil-5.8.0-cp36-cp36m-manylinux2010_i686.whl", hash = "sha256:74f2d0be88db96ada78756cb3a3e1b107ce8ab79f65aa885f76d7664e56928f6"},
    {file = "psutil-5.8.0-cp36-cp36m-manylinux2010_x86_64.whl", hash = "sha256:99de3e8739258b3c3e8669cb9757c9a861b2a25ad0955f8e53ac662d66de61ac"},
    {file = "psutil-5.8.0-cp36-cp36m-win32.whl", hash = "sha256:36b3b6c9e2a34b7d7fbae330a85bf72c30b1c827a4366a07443fc4b6270449e2"},
    {file = "psutil-5.8.0-cp36-cp36m-win_amd64.whl", hash = "sha256:52de075468cd394ac98c66f9ca33b2f54ae1d9bff1ef6b67a212ee8f639ec06d"},
    {file = "psutil-5.8.0-cp37-cp37m-macosx_10_9_x86_64.whl", hash = "sha256:c6a5fd10ce6b6344e616cf01cc5b849fa8103fbb5ba507b6b2dee4c11e84c935"},
    {file = "psutil-5.8.0-cp37-cp37m-manylinux2010_i686.whl", hash = "sha256:61f05864b42fedc0771d6d8e49c35f07efd209ade09a5afe6a5059e7bb7bf83d"},
    {file = "psutil-5.8.0-cp37-cp37m-manylinux2010_x86_64.whl", hash = "sha256:0dd4465a039d343925cdc29023bb6960ccf4e74a65ad53e768403746a9207023"},
    {file = "psutil-5.8.0-cp37-cp37m-win32.whl", hash = "sha256:1bff0d07e76114ec24ee32e7f7f8d0c4b0514b3fae93e3d2aaafd65d22502394"},
    {file = "psutil-5.8.0-cp37-cp37m-win_amd64.whl", hash = "sha256:fcc01e900c1d7bee2a37e5d6e4f9194760a93597c97fee89c4ae51701de03563"},
    {file = "psutil-5.8.0-cp38-cp38-macosx_10_9_x86_64.whl", hash = "sha256:6223d07a1ae93f86451d0198a0c361032c4c93ebd4bf6d25e2fb3edfad9571ef"},
    {file = "psutil-5.8.0-cp38-cp38-manylinux2010_i686.whl", hash = "sha256:d225cd8319aa1d3c85bf195c4e07d17d3cd68636b8fc97e6cf198f782f99af28"},
    {file = "psutil-5.8.0-cp38-cp38-manylinux2010_x86_64.whl", hash = "sha256:28ff7c95293ae74bf1ca1a79e8805fcde005c18a122ca983abf676ea3466362b"},
    {file = "psutil-5.8.0-cp38-cp38-win32.whl", hash = "sha256:ce8b867423291cb65cfc6d9c4955ee9bfc1e21fe03bb50e177f2b957f1c2469d"},
    {file = "psutil-5.8.0-cp38-cp38-win_amd64.whl", hash = "sha256:90f31c34d25b1b3ed6c40cdd34ff122b1887a825297c017e4cbd6796dd8b672d"},
    {file = "psutil-5.8.0-cp39-cp39-macosx_10_9_x86_64.whl", hash = "sha256:6323d5d845c2785efb20aded4726636546b26d3b577aded22492908f7c1bdda7"},
    {file = "psutil-5.8.0-cp39-cp39-manylinux2010_i686.whl", hash = "sha256:245b5509968ac0bd179287d91210cd3f37add77dad385ef238b275bad35fa1c4"},
    {file = "psutil-5.8.0-cp39-cp39-manylinux2010_x86_64.whl", hash = "sha256:90d4091c2d30ddd0a03e0b97e6a33a48628469b99585e2ad6bf21f17423b112b"},
    {file = "psutil-5.8.0-cp39-cp39-win32.whl", hash = "sha256:ea372bcc129394485824ae3e3ddabe67dc0b118d262c568b4d2602a7070afdb0"},
    {file = "psutil-5.8.0-cp39-cp39-win_amd64.whl", hash = "sha256:f4634b033faf0d968bb9220dd1c793b897ab7f1189956e1aa9eae752527127d3"},
    {file = "psutil-5.8.0.tar.gz", hash = "sha256:0c9ccb99ab76025f2f0bbecf341d4656e9c1351db8cc8a03ccd62e318ab4b5c6"},
]
pynisher = [
    {file = "pynisher-0.6.3.tar.gz", hash = "sha256:e4e1d9366fc4ca60b4b2354b6d12e65600600a8c7bf4392c84f2f4ff4abc85ff"},
]
pyparsing = [
    {file = "pyparsing-2.4.7-py2.py3-none-any.whl", hash = "sha256:ef9d7589ef3c200abe66653d3f1ab1033c3c419ae9b9bdb1240a85b024efc88b"},
    {file = "pyparsing-2.4.7.tar.gz", hash = "sha256:c203ec8783bf771a155b207279b9bccb8dea02d8f0c9e5f8ead507bc3246ecc1"},
]
pyrfr = [
    {file = "pyrfr-0.8.0.tar.gz", hash = "sha256:092cb7931486672ad00a71f37cc2e204cdb4b75ab0a47056667cc2683cc07dbd"},
]
python-dateutil = [
    {file = "python-dateutil-2.8.1.tar.gz", hash = "sha256:73ebfe9dbf22e832286dafa60473e4cd239f8592f699aa5adaf10050e6e1823c"},
    {file = "python_dateutil-2.8.1-py2.py3-none-any.whl", hash = "sha256:75bb3f31ea686f1197762692a9ee6a7550b59fc6ca3a1f4b5d7e32fb98e2da2a"},
]
pytz = [
    {file = "pytz-2020.5-py2.py3-none-any.whl", hash = "sha256:16962c5fb8db4a8f63a26646d8886e9d769b6c511543557bc84e9569fb9a9cb4"},
    {file = "pytz-2020.5.tar.gz", hash = "sha256:180befebb1927b16f6b57101720075a984c019ac16b1b7575673bea42c6c3da5"},
]
pyyaml = [
    {file = "PyYAML-5.3.1-cp27-cp27m-win32.whl", hash = "sha256:74809a57b329d6cc0fdccee6318f44b9b8649961fa73144a98735b0aaf029f1f"},
    {file = "PyYAML-5.3.1-cp27-cp27m-win_amd64.whl", hash = "sha256:240097ff019d7c70a4922b6869d8a86407758333f02203e0fc6ff79c5dcede76"},
    {file = "PyYAML-5.3.1-cp35-cp35m-win32.whl", hash = "sha256:4f4b913ca1a7319b33cfb1369e91e50354d6f07a135f3b901aca02aa95940bd2"},
    {file = "PyYAML-5.3.1-cp35-cp35m-win_amd64.whl", hash = "sha256:cc8955cfbfc7a115fa81d85284ee61147059a753344bc51098f3ccd69b0d7e0c"},
    {file = "PyYAML-5.3.1-cp36-cp36m-win32.whl", hash = "sha256:7739fc0fa8205b3ee8808aea45e968bc90082c10aef6ea95e855e10abf4a37b2"},
    {file = "PyYAML-5.3.1-cp36-cp36m-win_amd64.whl", hash = "sha256:69f00dca373f240f842b2931fb2c7e14ddbacd1397d57157a9b005a6a9942648"},
    {file = "PyYAML-5.3.1-cp37-cp37m-win32.whl", hash = "sha256:d13155f591e6fcc1ec3b30685d50bf0711574e2c0dfffd7644babf8b5102ca1a"},
    {file = "PyYAML-5.3.1-cp37-cp37m-win_amd64.whl", hash = "sha256:73f099454b799e05e5ab51423c7bcf361c58d3206fa7b0d555426b1f4d9a3eaf"},
    {file = "PyYAML-5.3.1-cp38-cp38-win32.whl", hash = "sha256:06a0d7ba600ce0b2d2fe2e78453a470b5a6e000a985dd4a4e54e436cc36b0e97"},
    {file = "PyYAML-5.3.1-cp38-cp38-win_amd64.whl", hash = "sha256:95f71d2af0ff4227885f7a6605c37fd53d3a106fcab511b8860ecca9fcf400ee"},
    {file = "PyYAML-5.3.1.tar.gz", hash = "sha256:b8eac752c5e14d3eca0e6dd9199cd627518cb5ec06add0de9d32baeee6fe645d"},
]
scikit-learn = [
    {file = "scikit-learn-0.24.0.tar.gz", hash = "sha256:076369634ee72b5a5941440661e2f306ff4ac30903802dc52031c7e9199ac640"},
    {file = "scikit_learn-0.24.0-cp36-cp36m-macosx_10_9_x86_64.whl", hash = "sha256:890d7d588f65acb0c4f6c083347c9076916bda5e6bd8400f06244b1afc1009af"},
    {file = "scikit_learn-0.24.0-cp36-cp36m-manylinux2010_i686.whl", hash = "sha256:e534f5f3796db6781c87e9835dcd51b7854c8c5a379c9210b93605965c1941fd"},
    {file = "scikit_learn-0.24.0-cp36-cp36m-manylinux2010_x86_64.whl", hash = "sha256:d7fe05fcb44eadd6d6c874c768f085f5de1239db3a3b7be4d3d23d12e4120589"},
    {file = "scikit_learn-0.24.0-cp36-cp36m-manylinux2014_aarch64.whl", hash = "sha256:7f654befc5ad413690cc58f3f34a3e906caf825195ce0fda00a8e9565e1403e6"},
    {file = "scikit_learn-0.24.0-cp36-cp36m-win32.whl", hash = "sha256:afeb06dc69847927634e58579b9cdc72e1390b79497336b2324b1b173f33bd47"},
    {file = "scikit_learn-0.24.0-cp36-cp36m-win_amd64.whl", hash = "sha256:26f66b3726b54dfb76ea51c5d9c2431ed17ebc066cb4527662b9e851a3e7ba61"},
    {file = "scikit_learn-0.24.0-cp37-cp37m-macosx_10_9_x86_64.whl", hash = "sha256:c08b27cb78ee8d2dc781a7affed09859441f5b624f9f92da59ac0791c8774dfc"},
    {file = "scikit_learn-0.24.0-cp37-cp37m-manylinux2010_i686.whl", hash = "sha256:905d8934d1e27a686698864a5863ff2c0e13a2ae1adb78a8a848aacc8a49927d"},
    {file = "scikit_learn-0.24.0-cp37-cp37m-manylinux2010_x86_64.whl", hash = "sha256:d819d625832fb2969911a243e009cfa135cb8ef1e150866e417d6e9d75290087"},
    {file = "scikit_learn-0.24.0-cp37-cp37m-manylinux2014_aarch64.whl", hash = "sha256:18f7131e62265bf2691ed1d0303c640313894ccfe4278427478c6b2f45094b53"},
    {file = "scikit_learn-0.24.0-cp37-cp37m-win32.whl", hash = "sha256:b0d13fd56d26cf3de0314a4fd48037108c638fe126d813f5c1222bb0f08b6a76"},
    {file = "scikit_learn-0.24.0-cp37-cp37m-win_amd64.whl", hash = "sha256:c912247e42114f389858ae05d63f4359d4e667ea72aaabee191aee9ad3f9774a"},
    {file = "scikit_learn-0.24.0-cp38-cp38-macosx_10_9_x86_64.whl", hash = "sha256:758619e49cd7c17282e6cc60d5cc73c02c072b47c9a10010bb3bb47e0d976e50"},
    {file = "scikit_learn-0.24.0-cp38-cp38-manylinux2010_i686.whl", hash = "sha256:66f27bf21202a850bcd7b6303916e4907f6e22ec59a14974ede4955aed5c7ed0"},
    {file = "scikit_learn-0.24.0-cp38-cp38-manylinux2010_x86_64.whl", hash = "sha256:5e6e3c042cea83f2e20a45e563b8eabc1f8f72446251fe23ebefdf111a173a33"},
    {file = "scikit_learn-0.24.0-cp38-cp38-manylinux2014_aarch64.whl", hash = "sha256:2a5348585aa793bc8cc5a72f8e9067c9380834b0aadbd55f924843b071f13282"},
    {file = "scikit_learn-0.24.0-cp38-cp38-win32.whl", hash = "sha256:743b6edd98c98991be46c08e6b21df3861d5ae915f91d59f988384d93f7263e7"},
    {file = "scikit_learn-0.24.0-cp38-cp38-win_amd64.whl", hash = "sha256:2951f87d35e72f007701c6e028aa230f6df6212a3194677c0c950486066a454d"},
    {file = "scikit_learn-0.24.0-cp39-cp39-macosx_10_9_x86_64.whl", hash = "sha256:44e452ea8491225c5783d49577aad0f36202dfd52aec7f82c0fdfe5fbd5f7400"},
    {file = "scikit_learn-0.24.0-cp39-cp39-manylinux2010_i686.whl", hash = "sha256:800aaf63f8838c00e85db2267dd226f89858594843fd03932a9eda95746d2c40"},
    {file = "scikit_learn-0.24.0-cp39-cp39-manylinux2010_x86_64.whl", hash = "sha256:3eeff086f7329521d27249a082ea3c48c085cedb110db5f65968ab55c3ba2e09"},
    {file = "scikit_learn-0.24.0-cp39-cp39-manylinux2014_aarch64.whl", hash = "sha256:4395e91b3548005f4a645018435b5a94f8cce232b5b70753020e606c6a750656"},
    {file = "scikit_learn-0.24.0-cp39-cp39-win32.whl", hash = "sha256:80ca024154b84b6ac4cfc86930ba13fdc348a209753bf2c16129db6f9eb8a80b"},
    {file = "scikit_learn-0.24.0-cp39-cp39-win_amd64.whl", hash = "sha256:490436b44b3a1957cb625e871764b0aa330b34cc416aea4abc6c38ca63d0d682"},
]
scipy = [
    {file = "scipy-1.6.0-cp37-cp37m-macosx_10_9_x86_64.whl", hash = "sha256:3d4303e3e21d07d9557b26a1707bb9fc065510ee8501c9bf22a0157249a82fd0"},
    {file = "scipy-1.6.0-cp37-cp37m-manylinux1_i686.whl", hash = "sha256:1bc5b446600c4ff7ab36bade47180673141322f0febaa555f1c433fe04f2a0e3"},
    {file = "scipy-1.6.0-cp37-cp37m-manylinux1_x86_64.whl", hash = "sha256:8840a9adb4ede3751f49761653d3ebf664f25195fdd42ada394ffea8903dd51d"},
    {file = "scipy-1.6.0-cp37-cp37m-manylinux2014_aarch64.whl", hash = "sha256:8629135ee00cc2182ac8be8e75643b9f02235942443732c2ed69ab48edcb6614"},
    {file = "scipy-1.6.0-cp37-cp37m-win32.whl", hash = "sha256:58731bbe0103e96b89b2f41516699db9b63066e4317e31b8402891571f6d358f"},
    {file = "scipy-1.6.0-cp37-cp37m-win_amd64.whl", hash = "sha256:876badc33eec20709d4e042a09834f5953ebdac4088d45a4f3a1f18b56885718"},
    {file = "scipy-1.6.0-cp38-cp38-macosx_10_9_x86_64.whl", hash = "sha256:c0911f3180de343643f369dc5cfedad6ba9f939c2d516bddea4a6871eb000722"},
    {file = "scipy-1.6.0-cp38-cp38-manylinux1_i686.whl", hash = "sha256:b8af26839ae343655f3ca377a5d5e5466f1d3b3ac7432a43449154fe958ae0e0"},
    {file = "scipy-1.6.0-cp38-cp38-manylinux1_x86_64.whl", hash = "sha256:4f1d9cc977ac6a4a63c124045c1e8bf67ec37098f67c699887a93736961a00ae"},
    {file = "scipy-1.6.0-cp38-cp38-manylinux2014_aarch64.whl", hash = "sha256:eb7928275f3560d47e5538e15e9f32b3d64cd30ea8f85f3e82987425476f53f6"},
    {file = "scipy-1.6.0-cp38-cp38-win32.whl", hash = "sha256:31ab217b5c27ab429d07428a76002b33662f98986095bbce5d55e0788f7e8b15"},
    {file = "scipy-1.6.0-cp38-cp38-win_amd64.whl", hash = "sha256:2f1c2ebca6fd867160e70102200b1bd07b3b2d31a3e6af3c58d688c15d0d07b7"},
    {file = "scipy-1.6.0-cp39-cp39-macosx_10_9_x86_64.whl", hash = "sha256:155225621df90fcd151e25d51c50217e412de717475999ebb76e17e310176981"},
    {file = "scipy-1.6.0-cp39-cp39-manylinux1_i686.whl", hash = "sha256:f68d5761a2d2376e2b194c8e9192bbf7c51306ca176f1a0889990a52ef0d551f"},
    {file = "scipy-1.6.0-cp39-cp39-manylinux1_x86_64.whl", hash = "sha256:d902d3a5ad7f28874c0a82db95246d24ca07ad932741df668595fe00a4819870"},
    {file = "scipy-1.6.0-cp39-cp39-manylinux2014_aarch64.whl", hash = "sha256:aef3a2dbc436bbe8f6e0b635f0b5fe5ed024b522eee4637dbbe0b974129ca734"},
    {file = "scipy-1.6.0-cp39-cp39-win32.whl", hash = "sha256:cdbc47628184a0ebeb5c08f1892614e1bd4a51f6e0d609c6eed253823a960f5b"},
    {file = "scipy-1.6.0-cp39-cp39-win_amd64.whl", hash = "sha256:313785c4dab65060f9648112d025f6d2fec69a8a889c714328882d678a95f053"},
    {file = "scipy-1.6.0.tar.gz", hash = "sha256:cb6dc9f82dfd95f6b9032a8d7ea70efeeb15d5b5fd6ed4e8537bb3c673580566"},
]
six = [
    {file = "six-1.15.0-py2.py3-none-any.whl", hash = "sha256:8b74bedcbbbaca38ff6d7491d76f2b06b3592611af620f8426e82dddb04a5ced"},
    {file = "six-1.15.0.tar.gz", hash = "sha256:30639c035cdb23534cd4aa2dd52c3bf48f06e5f4a941509c8bafd8ce11080259"},
]
smac = [
    {file = "smac-0.13.1.tar.gz", hash = "sha256:134f272d3d1f1c410edf6ee44f065cfe59bcaa52822c5978e9fbcd0a64470dab"},
]
sortedcontainers = [
    {file = "sortedcontainers-2.3.0-py2.py3-none-any.whl", hash = "sha256:37257a32add0a3ee490bb170b599e93095eed89a55da91fa9f48753ea12fd73f"},
    {file = "sortedcontainers-2.3.0.tar.gz", hash = "sha256:59cc937650cf60d677c16775597c89a960658a09cf7c1a668f86e1e4464b10a1"},
]
tblib = [
    {file = "tblib-1.7.0-py2.py3-none-any.whl", hash = "sha256:289fa7359e580950e7d9743eab36b0691f0310fce64dee7d9c31065b8f723e23"},
    {file = "tblib-1.7.0.tar.gz", hash = "sha256:059bd77306ea7b419d4f76016aef6d7027cc8a0785579b5aad198803435f882c"},
]
threadpoolctl = [
    {file = "threadpoolctl-2.1.0-py3-none-any.whl", hash = "sha256:38b74ca20ff3bb42caca8b00055111d74159ee95c4370882bbff2b93d24da725"},
    {file = "threadpoolctl-2.1.0.tar.gz", hash = "sha256:ddc57c96a38beb63db45d6c159b5ab07b6bced12c45a1f07b2b92f272aebfa6b"},
]
toolz = [
    {file = "toolz-0.11.1-py3-none-any.whl", hash = "sha256:1bc473acbf1a1db4e72a1ce587be347450e8f08324908b8a266b486f408f04d5"},
    {file = "toolz-0.11.1.tar.gz", hash = "sha256:c7a47921f07822fe534fb1c01c9931ab335a4390c782bd28c6bcc7c2f71f3fbf"},
]
tornado = [
    {file = "tornado-6.1-cp35-cp35m-macosx_10_9_x86_64.whl", hash = "sha256:d371e811d6b156d82aa5f9a4e08b58debf97c302a35714f6f45e35139c332e32"},
    {file = "tornado-6.1-cp35-cp35m-manylinux1_i686.whl", hash = "sha256:0d321a39c36e5f2c4ff12b4ed58d41390460f798422c4504e09eb5678e09998c"},
    {file = "tornado-6.1-cp35-cp35m-manylinux1_x86_64.whl", hash = "sha256:9de9e5188a782be6b1ce866e8a51bc76a0fbaa0e16613823fc38e4fc2556ad05"},
    {file = "tornado-6.1-cp35-cp35m-manylinux2010_i686.whl", hash = "sha256:61b32d06ae8a036a6607805e6720ef00a3c98207038444ba7fd3d169cd998910"},
    {file = "tornado-6.1-cp35-cp35m-manylinux2010_x86_64.whl", hash = "sha256:3e63498f680547ed24d2c71e6497f24bca791aca2fe116dbc2bd0ac7f191691b"},
    {file = "tornado-6.1-cp35-cp35m-manylinux2014_aarch64.whl", hash = "sha256:6c77c9937962577a6a76917845d06af6ab9197702a42e1346d8ae2e76b5e3675"},
    {file = "tornado-6.1-cp35-cp35m-win32.whl", hash = "sha256:6286efab1ed6e74b7028327365cf7346b1d777d63ab30e21a0f4d5b275fc17d5"},
    {file = "tornado-6.1-cp35-cp35m-win_amd64.whl", hash = "sha256:fa2ba70284fa42c2a5ecb35e322e68823288a4251f9ba9cc77be04ae15eada68"},
    {file = "tornado-6.1-cp36-cp36m-macosx_10_9_x86_64.whl", hash = "sha256:0a00ff4561e2929a2c37ce706cb8233b7907e0cdc22eab98888aca5dd3775feb"},
    {file = "tornado-6.1-cp36-cp36m-manylinux1_i686.whl", hash = "sha256:748290bf9112b581c525e6e6d3820621ff020ed95af6f17fedef416b27ed564c"},
    {file = "tornado-6.1-cp36-cp36m-manylinux1_x86_64.whl", hash = "sha256:e385b637ac3acaae8022e7e47dfa7b83d3620e432e3ecb9a3f7f58f150e50921"},
    {file = "tornado-6.1-cp36-cp36m-manylinux2010_i686.whl", hash = "sha256:25ad220258349a12ae87ede08a7b04aca51237721f63b1808d39bdb4b2164558"},
    {file = "tornado-6.1-cp36-cp36m-manylinux2010_x86_64.whl", hash = "sha256:65d98939f1a2e74b58839f8c4dab3b6b3c1ce84972ae712be02845e65391ac7c"},
    {file = "tornado-6.1-cp36-cp36m-manylinux2014_aarch64.whl", hash = "sha256:e519d64089b0876c7b467274468709dadf11e41d65f63bba207e04217f47c085"},
    {file = "tornado-6.1-cp36-cp36m-win32.whl", hash = "sha256:b87936fd2c317b6ee08a5741ea06b9d11a6074ef4cc42e031bc6403f82a32575"},
    {file = "tornado-6.1-cp36-cp36m-win_amd64.whl", hash = "sha256:cc0ee35043162abbf717b7df924597ade8e5395e7b66d18270116f8745ceb795"},
    {file = "tornado-6.1-cp37-cp37m-macosx_10_9_x86_64.whl", hash = "sha256:7250a3fa399f08ec9cb3f7b1b987955d17e044f1ade821b32e5f435130250d7f"},
    {file = "tornado-6.1-cp37-cp37m-manylinux1_i686.whl", hash = "sha256:ed3ad863b1b40cd1d4bd21e7498329ccaece75db5a5bf58cd3c9f130843e7102"},
    {file = "tornado-6.1-cp37-cp37m-manylinux1_x86_64.whl", hash = "sha256:dcef026f608f678c118779cd6591c8af6e9b4155c44e0d1bc0c87c036fb8c8c4"},
    {file = "tornado-6.1-cp37-cp37m-manylinux2010_i686.whl", hash = "sha256:70dec29e8ac485dbf57481baee40781c63e381bebea080991893cd297742b8fd"},
    {file = "tornado-6.1-cp37-cp37m-manylinux2010_x86_64.whl", hash = "sha256:d3f7594930c423fd9f5d1a76bee85a2c36fd8b4b16921cae7e965f22575e9c01"},
    {file = "tornado-6.1-cp37-cp37m-manylinux2014_aarch64.whl", hash = "sha256:3447475585bae2e77ecb832fc0300c3695516a47d46cefa0528181a34c5b9d3d"},
    {file = "tornado-6.1-cp37-cp37m-win32.whl", hash = "sha256:e7229e60ac41a1202444497ddde70a48d33909e484f96eb0da9baf8dc68541df"},
    {file = "tornado-6.1-cp37-cp37m-win_amd64.whl", hash = "sha256:cb5ec8eead331e3bb4ce8066cf06d2dfef1bfb1b2a73082dfe8a161301b76e37"},
    {file = "tornado-6.1-cp38-cp38-macosx_10_9_x86_64.whl", hash = "sha256:20241b3cb4f425e971cb0a8e4ffc9b0a861530ae3c52f2b0434e6c1b57e9fd95"},
    {file = "tornado-6.1-cp38-cp38-manylinux1_i686.whl", hash = "sha256:c77da1263aa361938476f04c4b6c8916001b90b2c2fdd92d8d535e1af48fba5a"},
    {file = "tornado-6.1-cp38-cp38-manylinux1_x86_64.whl", hash = "sha256:fba85b6cd9c39be262fcd23865652920832b61583de2a2ca907dbd8e8a8c81e5"},
    {file = "tornado-6.1-cp38-cp38-manylinux2010_i686.whl", hash = "sha256:1e8225a1070cd8eec59a996c43229fe8f95689cb16e552d130b9793cb570a288"},
    {file = "tornado-6.1-cp38-cp38-manylinux2010_x86_64.whl", hash = "sha256:d14d30e7f46a0476efb0deb5b61343b1526f73ebb5ed84f23dc794bdb88f9d9f"},
    {file = "tornado-6.1-cp38-cp38-manylinux2014_aarch64.whl", hash = "sha256:8f959b26f2634a091bb42241c3ed8d3cedb506e7c27b8dd5c7b9f745318ddbb6"},
    {file = "tornado-6.1-cp38-cp38-win32.whl", hash = "sha256:34ca2dac9e4d7afb0bed4677512e36a52f09caa6fded70b4e3e1c89dbd92c326"},
    {file = "tornado-6.1-cp38-cp38-win_amd64.whl", hash = "sha256:6196a5c39286cc37c024cd78834fb9345e464525d8991c21e908cc046d1cc02c"},
    {file = "tornado-6.1-cp39-cp39-macosx_10_9_x86_64.whl", hash = "sha256:f0ba29bafd8e7e22920567ce0d232c26d4d47c8b5cf4ed7b562b5db39fa199c5"},
    {file = "tornado-6.1-cp39-cp39-manylinux1_i686.whl", hash = "sha256:33892118b165401f291070100d6d09359ca74addda679b60390b09f8ef325ffe"},
    {file = "tornado-6.1-cp39-cp39-manylinux1_x86_64.whl", hash = "sha256:7da13da6f985aab7f6f28debab00c67ff9cbacd588e8477034c0652ac141feea"},
    {file = "tornado-6.1-cp39-cp39-manylinux2010_i686.whl", hash = "sha256:e0791ac58d91ac58f694d8d2957884df8e4e2f6687cdf367ef7eb7497f79eaa2"},
    {file = "tornado-6.1-cp39-cp39-manylinux2010_x86_64.whl", hash = "sha256:66324e4e1beede9ac79e60f88de548da58b1f8ab4b2f1354d8375774f997e6c0"},
    {file = "tornado-6.1-cp39-cp39-manylinux2014_aarch64.whl", hash = "sha256:a48900ecea1cbb71b8c71c620dee15b62f85f7c14189bdeee54966fbd9a0c5bd"},
    {file = "tornado-6.1-cp39-cp39-win32.whl", hash = "sha256:d3d20ea5782ba63ed13bc2b8c291a053c8d807a8fa927d941bd718468f7b950c"},
    {file = "tornado-6.1-cp39-cp39-win_amd64.whl", hash = "sha256:548430be2740e327b3fe0201abe471f314741efcb0067ec4f2d7dcfb4825f3e4"},
    {file = "tornado-6.1.tar.gz", hash = "sha256:33c6e81d7bd55b468d2e793517c909b139960b6c790a60b7991b9b6b76fb9791"},
]
zict = [
    {file = "zict-2.0.0-py3-none-any.whl", hash = "sha256:26aa1adda8250a78dfc6a78d200bfb2ea43a34752cf58980bca75dde0ba0c6e9"},
    {file = "zict-2.0.0.tar.gz", hash = "sha256:8e2969797627c8a663575c2fc6fcb53a05e37cdb83ee65f341fc6e0c3d0ced16"},
]
